{
  "socketPath": "\\\\.\\pipe\\mcp-d5455e73-e882-4b5c-b308-7ab8556e2e47.sock",
  "scheme": "pipe",
  "headers": {
    "Authorization": "Nonce 1629a4a3-14d1-48c6-946f-165f7d0e1417"
  },
  "pid": 43684,
  "ideName": "Visual Studio Code - Insiders",
  "timestamp": 1777552493005,
  "workspaceFolders": [
    "c:\\Users\\lduan\\.copilot"
  ],
  "isTrusted": true
}