{
  "socketPath": "\\\\.\\pipe\\mcp-107131c1-be3c-44d7-8382-fd032cc977d9.sock",
  "scheme": "pipe",
  "headers": {
    "Authorization": "Nonce 1a5325ee-cf02-4dd3-a55b-25f99dc91a4a"
  },
  "pid": 39616,
  "ideName": "Visual Studio Code - Insiders",
  "timestamp": 1777454303080,
  "workspaceFolders": [],
  "isTrusted": true
}